
Microsoft Visual Studio Solution File, Format Version 12.00
# Visual Studio Version 16
VisualStudioVersion = 16.0.30406.217
MinimumVisualStudioVersion = 10.0.40219.1
Project("{FAE04EC0-301F-11D3-BF4B-00C04F79EFBC}") = "Core", "Core\Core.csproj", "{A07201B3-E3A0-4684-8104-9C33C0F85564}"
EndProject
Project("{FAE04EC0-301F-11D3-BF4B-00C04F79EFBC}") = "ToDoList.Business", "ToDoList.Business\ToDoList.Business.csproj", "{A33BB0E3-5F1C-4A15-9BBD-F8E6CF040C23}"
EndProject
Project("{FAE04EC0-301F-11D3-BF4B-00C04F79EFBC}") = "ToDoList.DataAcccess", "ToDoList.DataAcccess\ToDoList.DataAcccess.csproj", "{7D49DC18-7F47-4770-AB36-31E52E497ED8}"
EndProject
Project("{FAE04EC0-301F-11D3-BF4B-00C04F79EFBC}") = "ToDoList.Entities", "ToDoList.Entities\ToDoList.Entities.csproj", "{CD4EC52E-5863-41BF-82EA-9B95BBB4AD0D}"
EndProject
Project("{FAE04EC0-301F-11D3-BF4B-00C04F79EFBC}") = "ToDoList.WebUI", "ToDoList.WebUI\ToDoList.WebUI.csproj", "{1F7123B5-A3A3-47E9-BCE7-EF4906C19628}"
EndProject
Global
	GlobalSection(SolutionConfigurationPlatforms) = preSolution
		Debug|Any CPU = Debug|Any CPU
		Release|Any CPU = Release|Any CPU
	EndGlobalSection
	GlobalSection(ProjectConfigurationPlatforms) = postSolution
		{A07201B3-E3A0-4684-8104-9C33C0F85564}.Debug|Any CPU.ActiveCfg = Debug|Any CPU
		{A07201B3-E3A0-4684-8104-9C33C0F85564}.Debug|Any CPU.Build.0 = Debug|Any CPU
		{A07201B3-E3A0-4684-8104-9C33C0F85564}.Release|Any CPU.ActiveCfg = Release|Any CPU
		{A07201B3-E3A0-4684-8104-9C33C0F85564}.Release|Any CPU.Build.0 = Release|Any CPU
		{A33BB0E3-5F1C-4A15-9BBD-F8E6CF040C23}.Debug|Any CPU.ActiveCfg = Debug|Any CPU
		{A33BB0E3-5F1C-4A15-9BBD-F8E6CF040C23}.Debug|Any CPU.Build.0 = Debug|Any CPU
		{A33BB0E3-5F1C-4A15-9BBD-F8E6CF040C23}.Release|Any CPU.ActiveCfg = Release|Any CPU
		{A33BB0E3-5F1C-4A15-9BBD-F8E6CF040C23}.Release|Any CPU.Build.0 = Release|Any CPU
		{7D49DC18-7F47-4770-AB36-31E52E497ED8}.Debug|Any CPU.ActiveCfg = Debug|Any CPU
		{7D49DC18-7F47-4770-AB36-31E52E497ED8}.Debug|Any CPU.Build.0 = Debug|Any CPU
		{7D49DC18-7F47-4770-AB36-31E52E497ED8}.Release|Any CPU.ActiveCfg = Release|Any CPU
		{7D49DC18-7F47-4770-AB36-31E52E497ED8}.Release|Any CPU.Build.0 = Release|Any CPU
		{CD4EC52E-5863-41BF-82EA-9B95BBB4AD0D}.Debug|Any CPU.ActiveCfg = Debug|Any CPU
		{CD4EC52E-5863-41BF-82EA-9B95BBB4AD0D}.Debug|Any CPU.Build.0 = Debug|Any CPU
		{CD4EC52E-5863-41BF-82EA-9B95BBB4AD0D}.Release|Any CPU.ActiveCfg = Release|Any CPU
		{CD4EC52E-5863-41BF-82EA-9B95BBB4AD0D}.Release|Any CPU.Build.0 = Release|Any CPU
		{1F7123B5-A3A3-47E9-BCE7-EF4906C19628}.Debug|Any CPU.ActiveCfg = Debug|Any CPU
		{1F7123B5-A3A3-47E9-BCE7-EF4906C19628}.Debug|Any CPU.Build.0 = Debug|Any CPU
		{1F7123B5-A3A3-47E9-BCE7-EF4906C19628}.Release|Any CPU.ActiveCfg = Release|Any CPU
		{1F7123B5-A3A3-47E9-BCE7-EF4906C19628}.Release|Any CPU.Build.0 = Release|Any CPU
	EndGlobalSection
	GlobalSection(SolutionProperties) = preSolution
		HideSolutionNode = FALSE
	EndGlobalSection
	GlobalSection(ExtensibilityGlobals) = postSolution
		SolutionGuid = {7F269768-BC9D-41CE-A7D7-03E354412258}
	EndGlobalSection
EndGlobal
